{
    "_readme": [
        "This file locks the dependencies of your project to a known state",
        "Read more about it at https://getcomposer.org/doc/01-basic-usage.md#installing-dependencies",
        "This file is @generated automatically"
    ],
    "content-hash": "00e1f262a9874d972904b6ba7dc19081",
    "packages": [
        {
            "name": "drivezy/laravel-access-manager",
            "version": "v0.4.4",
            "source": {
                "type": "git",
                "url": "https://github.com/drivezy/laravel-access-manager.git",
                "reference": "11d04b4459969bc8d65dad31161c05ae61026806"
            },
            "dist": {
                "type": "zip",
                "url": "https://api.github.com/repos/drivezy/laravel-access-manager/zipball/11d04b4459969bc8d65dad31161c05ae61026806",
                "reference": "11d04b4459969bc8d65dad31161c05ae61026806",
                "shasum": ""
            },
            "require": {
                "drivezy/laravel-utility": "^0.9.5"
            },
            "type": "library",
            "extra": {
                "laravel": {
                    "providers": [
                        "Drivezy\\LaravelAccessManager\\LaravelAccessManagerServiceProvider"
                    ]
                }
            },
            "autoload": {
                "psr-4": {
                    "Drivezy\\LaravelAccessManager\\": "src/"
                }
            },
            "notification-url": "https://packagist.org/downloads/",
            "license": [
                "MIT"
            ],
            "authors": [
                {
                    "name": "Hemant Kumar Sah",
                    "email": "hemantanshu@gmail.com"
                }
            ],
            "description": "To manage the different access levels across multiple records, routes",
            "time": "2018-04-19T07:57:55+00:00"
        },
        {
            "name": "drivezy/laravel-utility",
            "version": "v0.9.5",
            "source": {
                "type": "git",
                "url": "https://github.com/drivezy/laravel-utility.git",
                "reference": "b361833642f6417189b0a8abbc6e0499d8aa6c60"
            },
            "dist": {
                "type": "zip",
                "url": "https://api.github.com/repos/drivezy/laravel-utility/zipball/b361833642f6417189b0a8abbc6e0499d8aa6c60",
                "reference": "b361833642f6417189b0a8abbc6e0499d8aa6c60",
                "shasum": ""
            },
            "type": "library",
            "extra": {
                "laravel": {
                    "providers": [
                        "Drivezy\\LaravelUtility\\LaravelUtilityServiceProvider"
                    ]
                }
            },
            "autoload": {
                "psr-4": {
                    "Drivezy\\LaravelUtility\\": "src/"
                }
            },
            "notification-url": "https://packagist.org/downloads/",
            "license": [
                "MIT"
            ],
            "authors": [
                {
                    "name": "Hemant Kumar Sah",
                    "email": "hemantanshu@gmail.com"
                }
            ],
            "description": "Base functionality for a scalable application.",
            "time": "2018-04-17T18:40:54+00:00"
        }
    ],
    "packages-dev": [],
    "aliases": [],
    "minimum-stability": "stable",
    "stability-flags": [],
    "prefer-stable": false,
    "prefer-lowest": false,
    "platform": [],
    "platform-dev": []
}
