{
    "_readme": [
        "This file locks the dependencies of your project to a known state",
        "Read more about it at https://getcomposer.org/doc/01-basic-usage.md#installing-dependencies",
        "This file is @generated automatically"
    ],
    "content-hash": "4afa15a939a29d5b4454119fb947ef8c",
    "packages": [],
    "packages-dev": [
        {
            "name": "drivezy/laravel-access-manager",
            "version": "v0.4.3",
            "source": {
                "type": "git",
                "url": "https://github.com/drivezy/laravel-access-manager.git",
                "reference": "a2141b37a8f666cbed970fe0bc9ef56a3078e861"
            },
            "dist": {
                "type": "zip",
                "url": "https://api.github.com/repos/drivezy/laravel-access-manager/zipball/a2141b37a8f666cbed970fe0bc9ef56a3078e861",
                "reference": "a2141b37a8f666cbed970fe0bc9ef56a3078e861",
                "shasum": ""
            },
            "require-dev": {
                "drivezy/laravel-utility": "^0.9.5"
            },
            "type": "library",
            "extra": {
                "laravel": {
                    "providers": [
                        "Drivezy\\LaravelAccessManager\\LaravelAccessManagerServiceProvider"
                    ]
                }
            },
            "autoload": {
                "psr-4": {
                    "Drivezy\\LaravelAccessManager\\": "src/"
                }
            },
            "notification-url": "https://packagist.org/downloads/",
            "license": [
                "MIT"
            ],
            "authors": [
                {
                    "name": "Hemant Kumar Sah",
                    "email": "hemantanshu@gmail.com"
                }
            ],
            "description": "To manage the different access levels across multiple records, routes",
            "time": "2018-04-19T07:15:46+00:00"
        }
    ],
    "aliases": [],
    "minimum-stability": "stable",
    "stability-flags": [],
    "prefer-stable": false,
    "prefer-lowest": false,
    "platform": [],
    "platform-dev": []
}
